<?xml version="1.0" encoding="UTF-8" standalone="yes" ?>
<CodeBlocks_project_file>
   <FileVersion major="1" minor="6" />
   <Project>
      <Option title="engine" />
      <Option makefile_is_custom="1" />
      <Option compiler="gcc" />
      <Option virtualFolders="CMake Files\;CMake Files\cmake\;" />
      <Build>
      <Target title="all">
         <Option working_dir="/Users/nickenchev/Projects/sdl_engine" />
         <Option type="4" />
         <MakeCommands>
            <Build command="/usr/bin/make -f &quot;/Users/nickenchev/Projects/sdl_engine/Makefile&quot;  VERBOSE=1 all" />
            <CompileFile command="/usr/bin/make -f &quot;/Users/nickenchev/Projects/sdl_engine/Makefile&quot;  VERBOSE=1 &quot;$file&quot;" />
            <Clean command="/usr/bin/make -f &quot;/Users/nickenchev/Projects/sdl_engine/Makefile&quot;  VERBOSE=1 clean" />
            <DistClean command="/usr/bin/make -f &quot;/Users/nickenchev/Projects/sdl_engine/Makefile&quot;  VERBOSE=1 clean" />
         </MakeCommands>
      </Target>
      <Target title="edit_cache">
         <Option working_dir="/Users/nickenchev/Projects/sdl_engine" />
         <Option type="4" />
         <MakeCommands>
            <Build command="/usr/bin/make -f &quot;/Users/nickenchev/Projects/sdl_engine/Makefile&quot;  VERBOSE=1 edit_cache" />
            <CompileFile command="/usr/bin/make -f &quot;/Users/nickenchev/Projects/sdl_engine/Makefile&quot;  VERBOSE=1 &quot;$file&quot;" />
            <Clean command="/usr/bin/make -f &quot;/Users/nickenchev/Projects/sdl_engine/Makefile&quot;  VERBOSE=1 clean" />
            <DistClean command="/usr/bin/make -f &quot;/Users/nickenchev/Projects/sdl_engine/Makefile&quot;  VERBOSE=1 clean" />
         </MakeCommands>
      </Target>
      <Target title="rebuild_cache">
         <Option working_dir="/Users/nickenchev/Projects/sdl_engine" />
         <Option type="4" />
         <MakeCommands>
            <Build command="/usr/bin/make -f &quot;/Users/nickenchev/Projects/sdl_engine/Makefile&quot;  VERBOSE=1 rebuild_cache" />
            <CompileFile command="/usr/bin/make -f &quot;/Users/nickenchev/Projects/sdl_engine/Makefile&quot;  VERBOSE=1 &quot;$file&quot;" />
            <Clean command="/usr/bin/make -f &quot;/Users/nickenchev/Projects/sdl_engine/Makefile&quot;  VERBOSE=1 clean" />
            <DistClean command="/usr/bin/make -f &quot;/Users/nickenchev/Projects/sdl_engine/Makefile&quot;  VERBOSE=1 clean" />
         </MakeCommands>
      </Target>
      <Target title="engine">
         <Option output="/Users/nickenchev/Projects/sdl_engine/bin/engine" prefix_auto="0" extension_auto="0" />
         <Option working_dir="bin/" />
         <Option object_output="./" />
         <Option type="1" />
         <Option compiler="gcc" />
         <Compiler>
            <Add directory="/Library/Frameworks/SDL2.framework/Headers" />
            <Add directory="/Library/Frameworks/SDL2_image.framework/Headers" />
            <Add directory="/Users/nickenchev/Projects/sdl_engine/include" />
            <Add directory="/Users/nickenchev/Projects/sdl_engine/include/tinyxml2" />
         </Compiler>
         <MakeCommands>
            <Build command="/usr/bin/make -f &quot;/Users/nickenchev/Projects/sdl_engine/Makefile&quot;  VERBOSE=1 engine" />
            <CompileFile command="/usr/bin/make -f &quot;/Users/nickenchev/Projects/sdl_engine/Makefile&quot;  VERBOSE=1 &quot;$file&quot;" />
            <Clean command="/usr/bin/make -f &quot;/Users/nickenchev/Projects/sdl_engine/Makefile&quot;  VERBOSE=1 clean" />
            <DistClean command="/usr/bin/make -f &quot;/Users/nickenchev/Projects/sdl_engine/Makefile&quot;  VERBOSE=1 clean" />
         </MakeCommands>
      </Target>
      <Target title="engine/fast">
         <Option output="/Users/nickenchev/Projects/sdl_engine/bin/engine" prefix_auto="0" extension_auto="0" />
         <Option working_dir="bin/" />
         <Option object_output="./" />
         <Option type="1" />
         <Option compiler="gcc" />
         <Compiler>
            <Add directory="/Library/Frameworks/SDL2.framework/Headers" />
            <Add directory="/Library/Frameworks/SDL2_image.framework/Headers" />
            <Add directory="/Users/nickenchev/Projects/sdl_engine/include" />
            <Add directory="/Users/nickenchev/Projects/sdl_engine/include/tinyxml2" />
         </Compiler>
         <MakeCommands>
            <Build command="/usr/bin/make -f &quot;/Users/nickenchev/Projects/sdl_engine/Makefile&quot;  VERBOSE=1 engine/fast" />
            <CompileFile command="/usr/bin/make -f &quot;/Users/nickenchev/Projects/sdl_engine/Makefile&quot;  VERBOSE=1 &quot;$file&quot;" />
            <Clean command="/usr/bin/make -f &quot;/Users/nickenchev/Projects/sdl_engine/Makefile&quot;  VERBOSE=1 clean" />
            <DistClean command="/usr/bin/make -f &quot;/Users/nickenchev/Projects/sdl_engine/Makefile&quot;  VERBOSE=1 clean" />
         </MakeCommands>
      </Target>
      </Build>
      <Unit filename="/Users/nickenchev/Projects/sdl_engine/src/component.cpp">
      </Unit>
      <Unit filename="/Users/nickenchev/Projects/sdl_engine/src/engine.cpp">
      </Unit>
      <Unit filename="/Users/nickenchev/Projects/sdl_engine/src/gamepart.cpp">
      </Unit>
      <Unit filename="/Users/nickenchev/Projects/sdl_engine/src/jsoncpp.cpp">
      </Unit>
      <Unit filename="/Users/nickenchev/Projects/sdl_engine/src/main.cpp">
      </Unit>
      <Unit filename="/Users/nickenchev/Projects/sdl_engine/src/spriteloader.cpp">
      </Unit>
      <Unit filename="/Users/nickenchev/Projects/sdl_engine/src/spritesheet.cpp">
      </Unit>
      <Unit filename="/Users/nickenchev/Projects/sdl_engine/src/spritesheetframe.cpp">
      </Unit>
      <Unit filename="/Users/nickenchev/Projects/sdl_engine/src/tinyxml2.cpp">
      </Unit>
      <Unit filename="/Users/nickenchev/Projects/sdl_engine/src/component.h">
      </Unit>
      <Unit filename="/Users/nickenchev/Projects/sdl_engine/src/engine.h">
      </Unit>
      <Unit filename="/Users/nickenchev/Projects/sdl_engine/src/gamepart.h">
      </Unit>
      <Unit filename="/Users/nickenchev/Projects/sdl_engine/src/spriteloader.h">
      </Unit>
      <Unit filename="/Users/nickenchev/Projects/sdl_engine/src/spritesheet.h">
      </Unit>
      <Unit filename="/Users/nickenchev/Projects/sdl_engine/src/spritesheetframe.h">
      </Unit>
      <Unit filename="/Users/nickenchev/Projects/sdl_engine/CMakeLists.txt">
          <Option virtualFolder="CMake Files\" />
      </Unit>
      <Unit filename="/Users/nickenchev/Projects/sdl_engine/cmake/FindSDL2.cmake">
          <Option virtualFolder="CMake Files\cmake\" />
      </Unit>
      <Unit filename="/Users/nickenchev/Projects/sdl_engine/cmake/FindSDL2_image.cmake">
          <Option virtualFolder="CMake Files\cmake\" />
      </Unit>
   </Project>
</CodeBlocks_project_file>
